
Microsoft Visual Studio Solution File, Format Version 12.00
# Visual Studio Version 17
VisualStudioVersion = 17.0.32126.317
MinimumVisualStudioVersion = 10.0.40219.1
Project("{FAE04EC0-301F-11D3-BF4B-00C04F79EFBC}") = "ImgRW_WF", "ImgRW_WF\ImgRW_WF.csproj", "{40B63D36-AE04-4FAF-B956-5FD009808806}"
EndProject
Project("{FAE04EC0-301F-11D3-BF4B-00C04F79EFBC}") = "CxxControls_DNFWK", "..\CxxLibs\Controls_dotNetFrw\CxxControls_DNFWK.csproj", "{90ABA1DF-B297-4696-94F9-C8DDB4238719}"
EndProject
Global
	GlobalSection(SolutionConfigurationPlatforms) = preSolution
		Debug|Any CPU = Debug|Any CPU
		Release|Any CPU = Release|Any CPU
	EndGlobalSection
	GlobalSection(ProjectConfigurationPlatforms) = postSolution
		{40B63D36-AE04-4FAF-B956-5FD009808806}.Debug|Any CPU.ActiveCfg = Debug|Any CPU
		{40B63D36-AE04-4FAF-B956-5FD009808806}.Debug|Any CPU.Build.0 = Debug|Any CPU
		{40B63D36-AE04-4FAF-B956-5FD009808806}.Release|Any CPU.ActiveCfg = Release|Any CPU
		{40B63D36-AE04-4FAF-B956-5FD009808806}.Release|Any CPU.Build.0 = Release|Any CPU
		{90ABA1DF-B297-4696-94F9-C8DDB4238719}.Debug|Any CPU.ActiveCfg = Debug|Any CPU
		{90ABA1DF-B297-4696-94F9-C8DDB4238719}.Debug|Any CPU.Build.0 = Debug|Any CPU
		{90ABA1DF-B297-4696-94F9-C8DDB4238719}.Release|Any CPU.ActiveCfg = Release|Any CPU
		{90ABA1DF-B297-4696-94F9-C8DDB4238719}.Release|Any CPU.Build.0 = Release|Any CPU
	EndGlobalSection
	GlobalSection(SolutionProperties) = preSolution
		HideSolutionNode = FALSE
	EndGlobalSection
	GlobalSection(ExtensibilityGlobals) = postSolution
		SolutionGuid = {C77E2C5C-B1C0-44F9-87D0-EE0C90135AB5}
	EndGlobalSection
EndGlobal
